
Microsoft Visual Studio Solution File, Format Version 12.00
# Visual Studio Version 17
VisualStudioVersion = 17.13.35825.156
MinimumVisualStudioVersion = 10.0.40219.1
Project("{FAE04EC0-301F-11D3-BF4B-00C04F79EFBC}") = "SpaceTradersLibTest", "SpaceTradersLibTest\SpaceTradersLibTest.csproj", "{9C6374B5-4DF0-4124-89C9-29F29B051ED7}"
EndProject
Project("{FAE04EC0-301F-11D3-BF4B-00C04F79EFBC}") = "SpaceTradersLib", "SpaceTradersLib\SpaceTradersLib.csproj", "{3E9E1705-8413-4A78-B9BB-E4DB46BE3B51}"
EndProject
Project("{FAE04EC0-301F-11D3-BF4B-00C04F79EFBC}") = "SpaceTradersFrontAPI", "SpaceTradersFrontAPI\SpaceTradersFrontAPI.csproj", "{D2EBED50-DC6A-4228-BFEA-2A1B52973892}"
EndProject
Global
	GlobalSection(SolutionConfigurationPlatforms) = preSolution
		Debug|Any CPU = Debug|Any CPU
		Release|Any CPU = Release|Any CPU
	EndGlobalSection
	GlobalSection(ProjectConfigurationPlatforms) = postSolution
		{9C6374B5-4DF0-4124-89C9-29F29B051ED7}.Debug|Any CPU.ActiveCfg = Debug|Any CPU
		{9C6374B5-4DF0-4124-89C9-29F29B051ED7}.Debug|Any CPU.Build.0 = Debug|Any CPU
		{9C6374B5-4DF0-4124-89C9-29F29B051ED7}.Release|Any CPU.ActiveCfg = Release|Any CPU
		{9C6374B5-4DF0-4124-89C9-29F29B051ED7}.Release|Any CPU.Build.0 = Release|Any CPU
		{3E9E1705-8413-4A78-B9BB-E4DB46BE3B51}.Debug|Any CPU.ActiveCfg = Debug|Any CPU
		{3E9E1705-8413-4A78-B9BB-E4DB46BE3B51}.Debug|Any CPU.Build.0 = Debug|Any CPU
		{3E9E1705-8413-4A78-B9BB-E4DB46BE3B51}.Release|Any CPU.ActiveCfg = Release|Any CPU
		{3E9E1705-8413-4A78-B9BB-E4DB46BE3B51}.Release|Any CPU.Build.0 = Release|Any CPU
		{D2EBED50-DC6A-4228-BFEA-2A1B52973892}.Debug|Any CPU.ActiveCfg = Debug|Any CPU
		{D2EBED50-DC6A-4228-BFEA-2A1B52973892}.Debug|Any CPU.Build.0 = Debug|Any CPU
		{D2EBED50-DC6A-4228-BFEA-2A1B52973892}.Release|Any CPU.ActiveCfg = Release|Any CPU
		{D2EBED50-DC6A-4228-BFEA-2A1B52973892}.Release|Any CPU.Build.0 = Release|Any CPU
	EndGlobalSection
	GlobalSection(SolutionProperties) = preSolution
		HideSolutionNode = FALSE
	EndGlobalSection
	GlobalSection(ExtensibilityGlobals) = postSolution
		SolutionGuid = {203A27AA-0CD5-4757-97DF-5B64FA342703}
	EndGlobalSection
EndGlobal
